{
    "_meta": {
        "hash": {
            "sha256": "fae6aae7d42c42d9088226edb1384e4385fbf844b982a1d8ce3c6c663fe672e3"
        },
        "pipfile-spec": 6,
        "requires": {
            "python_version": "3.6"
        },
        "sources": [
            {
                "name": "pypi",
                "url": "https://pypi.python.org/simple",
                "verify_ssl": true
            }
        ]
    },
    "default": {
        "amqp": {
            "hashes": [
                "sha256:19a917e260178b8d410122712bac69cb3e6db010d68f6101e7307508aded5e68",
                "sha256:19d851b879a471fcfdcf01df9936cff924f422baa77653289f7095dedd5fb26a"
            ],
            "version": "==2.5.1"
        },
        "aniso8601": {
            "hashes": [
                "sha256:513d2b6637b7853806ae79ffaca6f3e8754bdd547048f5ccc1420aec4b714f1e",
                "sha256:d10a4bf949f619f719b227ef5386e31f49a2b6d453004b21f02661ccc8670c7b"
            ],
            "version": "==7.0.0"
        },
        "appnope": {
            "hashes": [
                "sha256:5b26757dc6f79a3b7dc9fab95359328d5747fcb2409d331ea66d0272b90ab2a0",
                "sha256:8b995ffe925347a2138d7ac0fe77155e4311a0ea6d6da4f5128fe4b3cbe5ed71"
            ],
            "markers": "sys_platform == 'darwin'",
            "version": "==0.1.0"
        },
        "backcall": {
            "hashes": [
                "sha256:38ecd85be2c1e78f77fd91700c76e14667dc21e2713b63876c0eb901196e01e4",
                "sha256:bbbf4b1e5cd2bdb08f915895b51081c041bac22394fdfcfdfbe9f14b77c08bf2"
            ],
            "version": "==0.1.0"
        },
        "backports.csv": {
            "hashes": [
                "sha256:1277dfff73130b2e106bf3dd347adb3c5f6c4340882289d88f31240da92cbd6d",
                "sha256:21f6e09bab589e6c1f877edbc40277b65e626262a86e69a70137db714eaac5ce"
            ],
            "version": "==1.0.7"
        },
        "billiard": {
            "hashes": [
                "sha256:01afcb4e7c4fd6480940cfbd4d9edc19d7a7509d6ada533984d0d0f49901ec82",
                "sha256:b8809c74f648dfe69b973c8e660bcec00603758c9db8ba89d7719f88d5f01f26"
            ],
            "version": "==3.6.1.0"
        },
        "brotlipy": {
            "hashes": [
                "sha256:07194f4768eb62a4f4ea76b6d0df6ade185e24ebd85877c351daa0a069f1111a",
                "sha256:091b299bf36dd6ef7a06570dbc98c0f80a504a56c5b797f31934d2ad01ae7d17",
                "sha256:09ec3e125d16749b31c74f021aba809541b3564e5359f8c265cbae442810b41a",
                "sha256:0be698678a114addcf87a4b9496c552c68a2c99bf93cf8e08f5738b392e82057",
                "sha256:0fa6088a9a87645d43d7e21e32b4a6bf8f7c3939015a50158c10972aa7f425b7",
                "sha256:1ea4e578241504b58f2456a6c69952c88866c794648bdc74baee74839da61d44",
                "sha256:2699945a0a992c04fc7dc7fa2f1d0575a2c8b4b769f2874a08e8eae46bef36ae",
                "sha256:2a80319ae13ea8dd60ecdc4f5ccf6da3ae64787765923256b62c598c5bba4121",
                "sha256:2e5c64522364a9ebcdf47c5744a5ddeb3f934742d31e61ebfbbc095460b47162",
                "sha256:36def0b859beaf21910157b4c33eb3b06d8ce459c942102f16988cca6ea164df",
                "sha256:3a3e56ced8b15fbbd363380344f70f3b438e0fd1fcf27b7526b6172ea950e867",
                "sha256:3c1d5e2cf945a46975bdb11a19257fa057b67591eb232f393d260e7246d9e571",
                "sha256:50ca336374131cfad20612f26cc43c637ac0bfd2be3361495e99270883b52962",
                "sha256:5de6f7d010b7558f72f4b061a07395c5c3fd57f0285c5af7f126a677b976a868",
                "sha256:637847560d671657f993313ecc6c6c6666a936b7a925779fd044065c7bc035b9",
                "sha256:653faef61241bf8bf99d73ca7ec4baa63401ba7b2a2aa88958394869379d67c7",
                "sha256:786afc8c9bd67de8d31f46e408a3386331e126829114e4db034f91eacb05396d",
                "sha256:79aaf217072840f3e9a3b641cccc51f7fc23037496bd71e26211856b93f4b4cb",
                "sha256:7e31f7adcc5851ca06134705fcf3478210da45d35ad75ec181e1ce9ce345bb38",
                "sha256:8b39abc3256c978f575df5cd7893153277216474f303e26f0e43ba3d3969ef96",
                "sha256:9448227b0df082e574c45c983fa5cd4bda7bfb11ea6b59def0940c1647be0c3c",
                "sha256:96bc59ff9b5b5552843dc67999486a220e07a0522dddd3935da05dc194fa485c",
                "sha256:a07647886e24e2fb2d68ca8bf3ada398eb56fd8eac46c733d4d95c64d17f743b",
                "sha256:af65d2699cb9f13b26ec3ba09e75e80d31ff422c03675fcb36ee4dabe588fdc2",
                "sha256:b4c98b0d2c9c7020a524ca5bbff42027db1004c6571f8bc7b747f2b843128e7a",
                "sha256:c6cc0036b1304dd0073eec416cb2f6b9e37ac8296afd9e481cac3b1f07f9db25",
                "sha256:d2c1c724c4ac375feb2110f1af98ecdc0e5a8ea79d068efb5891f621a5b235cb",
                "sha256:dc6c5ee0df9732a44d08edab32f8a616b769cc5a4155a12d2d010d248eb3fb07",
                "sha256:fd1d1c64214af5d90014d82cee5d8141b13d44c92ada7a0c0ec0679c6f15a471"
            ],
            "index": "pypi",
            "version": "==0.7.0"
        },
        "celery": {
            "extras": [
                "redis"
            ],
            "hashes": [
                "sha256:821d11967f0f3f8fe24bd61ecfc7b6acbb5a926b719f1e8c4d5ff7bc09e18d81",
                "sha256:ae4541fb3af5182bd4af749fee9b89c4858f2792d34bb5d034967e662cf9b55c"
            ],
            "index": "pypi",
            "version": "==4.4.0rc3"
        },
        "cffi": {
            "hashes": [
                "sha256:041c81822e9f84b1d9c401182e174996f0bae9991f33725d059b771744290774",
                "sha256:046ef9a22f5d3eed06334d01b1e836977eeef500d9b78e9ef693f9380ad0b83d",
                "sha256:066bc4c7895c91812eff46f4b1c285220947d4aa46fa0a2651ff85f2afae9c90",
                "sha256:066c7ff148ae33040c01058662d6752fd73fbc8e64787229ea8498c7d7f4041b",
                "sha256:2444d0c61f03dcd26dbf7600cf64354376ee579acad77aef459e34efcb438c63",
                "sha256:300832850b8f7967e278870c5d51e3819b9aad8f0a2c8dbe39ab11f119237f45",
                "sha256:34c77afe85b6b9e967bd8154e3855e847b70ca42043db6ad17f26899a3df1b25",
                "sha256:46de5fa00f7ac09f020729148ff632819649b3e05a007d286242c4882f7b1dc3",
                "sha256:4aa8ee7ba27c472d429b980c51e714a24f47ca296d53f4d7868075b175866f4b",
                "sha256:4d0004eb4351e35ed950c14c11e734182591465a33e960a4ab5e8d4f04d72647",
                "sha256:4e3d3f31a1e202b0f5a35ba3bc4eb41e2fc2b11c1eff38b362de710bcffb5016",
                "sha256:50bec6d35e6b1aaeb17f7c4e2b9374ebf95a8975d57863546fa83e8d31bdb8c4",
                "sha256:55cad9a6df1e2a1d62063f79d0881a414a906a6962bc160ac968cc03ed3efcfb",
                "sha256:5662ad4e4e84f1eaa8efce5da695c5d2e229c563f9d5ce5b0113f71321bcf753",
                "sha256:59b4dc008f98fc6ee2bb4fd7fc786a8d70000d058c2bbe2698275bc53a8d3fa7",
                "sha256:73e1ffefe05e4ccd7bcea61af76f36077b914f92b76f95ccf00b0c1b9186f3f9",
                "sha256:a1f0fd46eba2d71ce1589f7e50a9e2ffaeb739fb2c11e8192aa2b45d5f6cc41f",
                "sha256:a2e85dc204556657661051ff4bab75a84e968669765c8a2cd425918699c3d0e8",
                "sha256:a5457d47dfff24882a21492e5815f891c0ca35fefae8aa742c6c263dac16ef1f",
                "sha256:a8dccd61d52a8dae4a825cdbb7735da530179fea472903eb871a5513b5abbfdc",
                "sha256:ae61af521ed676cf16ae94f30fe202781a38d7178b6b4ab622e4eec8cefaff42",
                "sha256:b012a5edb48288f77a63dba0840c92d0504aa215612da4541b7b42d849bc83a3",
                "sha256:d2c5cfa536227f57f97c92ac30c8109688ace8fa4ac086d19d0af47d134e2909",
                "sha256:d42b5796e20aacc9d15e66befb7a345454eef794fdb0737d1af593447c6c8f45",
                "sha256:dee54f5d30d775f525894d67b1495625dd9322945e7fee00731952e0368ff42d",
                "sha256:e070535507bd6aa07124258171be2ee8dfc19119c28ca94c9dfb7efd23564512",
                "sha256:e1ff2748c84d97b065cc95429814cdba39bcbd77c9c85c89344b317dc0d9cbff",
                "sha256:ed851c75d1e0e043cbf5ca9a8e1b13c4c90f3fbd863dacb01c0808e2b5204201"
            ],
            "version": "==1.12.3"
        },
        "decorator": {
            "hashes": [
                "sha256:86156361c50488b84a3f148056ea716ca587df2f0de1d34750d35c21312725de",
                "sha256:f069f3a01830ca754ba5258fde2278454a0b5b79e0d7f5c13b3b97e57d4acff6"
            ],
            "version": "==4.4.0"
        },
        "defusedxml": {
            "hashes": [
                "sha256:6687150770438374ab581bb7a1b327a847dd9c5749e396102de3fad4e8a3ef93",
                "sha256:f684034d135af4c6cbb949b8a4d2ed61634515257a67299e5f940fbaa34377f5"
            ],
            "version": "==0.6.0"
        },
        "diff-match-patch": {
            "hashes": [
                "sha256:a809a996d0f09b9bbd59e9bbd0b71eed8c807922512910e05cbd3f9480712ddb"
            ],
            "version": "==20181111"
        },
        "dj-database-url": {
            "hashes": [
                "sha256:4aeaeb1f573c74835b0686a2b46b85990571159ffc21aa57ecd4d1e1cb334163",
                "sha256:851785365761ebe4994a921b433062309eb882fedd318e1b0fcecc607ed02da9"
            ],
            "index": "pypi",
            "version": "==0.5.0"
        },
        "django": {
            "hashes": [
                "sha256:16a5d54411599780ac9dfe3b9b38f90f785c51259a584e0b24b6f14a7f69aae8",
                "sha256:9a2f98211ab474c710fcdad29c82f30fc14ce9917c7a70c3682162a624de4035"
            ],
            "index": "pypi",
            "version": "==2.2.4"
        },
        "django-autoslug-iplweb": {
            "hashes": [
                "sha256:8cce63a74f6da8151b9cb424c3878fefa20136d5a87f211644d3fcea59c42d0a",
                "sha256:c5a278681bd49bfd1a75f95efa396b99ec81b6eddfc8d45b9231d265d70a3b39"
            ],
            "version": "==1.9.4.dev0"
        },
        "django-cities-light": {
            "hashes": [
                "sha256:8a87c9f52efda275eb25b6112688b35e72c07f378ddcfabfe5c4501bc8d684be"
            ],
            "index": "pypi",
            "version": "==3.5.0"
        },
        "django-cors-headers": {
            "hashes": [
                "sha256:e4b12209b3a0bc577883fe0ac0aa3adac9e82742389f8ddb6c6b41c66b1e9c4f",
                "sha256:e69b1c909f2eddc7ef2a24f071583bc22b73b871731ea3370ac52b3318c43b3c"
            ],
            "index": "pypi",
            "version": "==3.1.0"
        },
        "django-import-export": {
            "hashes": [
                "sha256:830824f79aae39e4212bb03aabdd83dc57931420557b757981cf6add8d07e611",
                "sha256:99fae7d963af4ade97af9237a843f250312421fa4ee350a3b735fcc5684c3fb5"
            ],
            "index": "pypi",
            "version": "==1.2.0"
        },
        "django-js-reverse": {
            "hashes": [
                "sha256:7588ee5eb4b6a9737713910cfc407f56d36c2b210d8fe2e21a86f5e3d5c2e5f6",
                "sha256:d57671aeb35701238608d63ebca28a4f22359ce3f3030235d8d5d306decd9ee1"
            ],
            "index": "pypi",
            "version": "==0.10.1a0"
        },
        "django-log-request-id": {
            "hashes": [
                "sha256:f54b6a12f9e86d34796a09d6ced86c50b474db51b217f90e4e06d784c5e9949f"
            ],
            "index": "pypi",
            "version": "==1.3.2"
        },
        "django-model-utils": {
            "hashes": [
                "sha256:3f130a262e45d73e0950d2be76af4bf4ee86804dd60e5f90afc5cd948fcfe760",
                "sha256:682f58c1de330cedcda58cc85d5232c5b47a9e2cb67bef4541fb43fdaeb18e96"
            ],
            "index": "pypi",
            "version": "==3.2.0"
        },
        "django-webpack-loader": {
            "hashes": [
                "sha256:60bab6b9a037a5346fad12d2a70a6bc046afb33154cf75ed640b93d3ebd5f520",
                "sha256:970b968c2a8975fb7eff56a3bab5d0d90d396740852d1e0c50c5cfe2b824199a"
            ],
            "index": "pypi",
            "version": "==0.6.0"
        },
        "et-xmlfile": {
            "hashes": [
                "sha256:614d9722d572f6246302c4491846d2c393c199cfa4edc9af593437691683335b"
            ],
            "version": "==1.0.1"
        },
        "graphene": {
            "hashes": [
                "sha256:09165f03e1591b76bf57b133482db9be6dac72c74b0a628d3c93182af9c5a896",
                "sha256:2cbe6d4ef15cfc7b7805e0760a0e5b80747161ce1b0f990dfdc0d2cf497c12f9"
            ],
            "version": "==2.1.8"
        },
        "graphene-django": {
            "hashes": [
                "sha256:25f2bdf41e30bc7b860c1c13bfb4ba5c3961712394f16e847d79a69fc25a06b1",
                "sha256:d75b3e468d8d765d5964bc809e403b44bf7c37556c0464230a5083bccf14581b"
            ],
            "index": "pypi",
            "version": "==2.5.0"
        },
        "graphql-core": {
            "hashes": [
                "sha256:1488f2a5c2272dc9ba66e3042a6d1c30cea0db4c80bd1e911c6791ad6187d91b",
                "sha256:da64c472d720da4537a2e8de8ba859210b62841bd47a9be65ca35177f62fe0e4"
            ],
            "version": "==2.2.1"
        },
        "graphql-relay": {
            "hashes": [
                "sha256:0e94201af4089e1f81f07d7bd8f84799768e39d70fa1ea16d1df505b46cc6335",
                "sha256:75aa0758971e252964cb94068a4decd472d2a8295229f02189e3cbca1f10dbb5",
                "sha256:7fa74661246e826ef939ee92e768f698df167a7617361ab399901eaebf80dce6"
            ],
            "version": "==2.0.0"
        },
        "gunicorn": {
            "hashes": [
                "sha256:aa8e0b40b4157b36a5df5e599f45c9c76d6af43845ba3b3b0efe2c70473c2471",
                "sha256:fa2662097c66f920f53f70621c6c58ca4a3c4d3434205e608e121b5b3b71f4f3"
            ],
            "index": "pypi",
            "version": "==19.9.0"
        },
        "importlib-metadata": {
            "hashes": [
                "sha256:23d3d873e008a513952355379d93cbcab874c58f4f034ff657c7a87422fa64e8",
                "sha256:80d2de76188eabfbfcf27e6a37342c2827801e59c4cc14b0371c56fed43820e3"
            ],
            "version": "==0.19"
        },
        "ipython": {
            "hashes": [
                "sha256:1d3a1692921e932751bc1a1f7bb96dc38671eeefdc66ed33ee4cbc57e92a410e",
                "sha256:537cd0176ff6abd06ef3e23f2d0c4c2c8a4d9277b7451544c6cbf56d1c79a83d"
            ],
            "index": "pypi",
            "version": "==7.7.0"
        },
        "ipython-genutils": {
            "hashes": [
                "sha256:72dd37233799e619666c9f639a9da83c34013a73e8bbc79a7a6348d93c61fab8",
                "sha256:eb2e116e75ecef9d4d228fdc66af54269afa26ab4463042e33785b887c628ba8"
            ],
            "version": "==0.2.0"
        },
        "jdcal": {
            "hashes": [
                "sha256:1abf1305fce18b4e8aa248cf8fe0c56ce2032392bc64bbd61b5dff2a19ec8bba",
                "sha256:472872e096eb8df219c23f2689fc336668bdb43d194094b5cc1707e1640acfc8"
            ],
            "version": "==1.4.1"
        },
        "jedi": {
            "hashes": [
                "sha256:786b6c3d80e2f06fd77162a07fed81b8baa22dde5d62896a790a331d6ac21a27",
                "sha256:ba859c74fa3c966a22f2aeebe1b74ee27e2a462f56d3f5f7ca4a59af61bfe42e"
            ],
            "version": "==0.15.1"
        },
        "kombu": {
            "hashes": [
                "sha256:55274dc75eb3c3994538b0973a0fadddb236b698a4bc135b8aa4981e0a710b8f",
                "sha256:e5f0312dfb9011bebbf528ccaf118a6c2b5c3b8244451f08381fb23e7715809b"
            ],
            "version": "==4.6.4"
        },
        "odfpy": {
            "hashes": [
                "sha256:596021f0519623ca8717331951c95e3b8d7b21e86edc7efe8cb650a0d0f59a2b"
            ],
            "version": "==1.4.0"
        },
        "openpyxl": {
            "hashes": [
                "sha256:72d1ed243972cad0b3c236230083cac00d9c72804e64a2ae93d7901aec1a8f1c"
            ],
            "version": "==2.6.3"
        },
        "parso": {
            "hashes": [
                "sha256:63854233e1fadb5da97f2744b6b24346d2750b85965e7e399bec1620232797dc",
                "sha256:666b0ee4a7a1220f65d367617f2cd3ffddff3e205f3f16a0284df30e774c2a9c"
            ],
            "version": "==0.5.1"
        },
        "pexpect": {
            "hashes": [
                "sha256:2094eefdfcf37a1fdbfb9aa090862c1a4878e5c7e0e7e7088bdb511c558e5cd1",
                "sha256:9e2c1fd0e6ee3a49b28f95d4b33bc389c89b20af6a1255906e90ff1262ce62eb"
            ],
            "markers": "sys_platform != 'win32'",
            "version": "==4.7.0"
        },
        "pickleshare": {
            "hashes": [
                "sha256:87683d47965c1da65cdacaf31c8441d12b8044cdec9aca500cd78fc2c683afca",
                "sha256:9649af414d74d4df115d5d718f82acb59c9d418196b7b4290ed47a12ce62df56"
            ],
            "version": "==0.7.5"
        },
        "progressbar2": {
            "hashes": [
                "sha256:39a987c263401d94e687869562c0943e6f9bfaa3215aebda180dfa935be72e38",
                "sha256:87a403d2f80f6e48b7b55559feae5c75b903941f55189b22207b574fe5e62276"
            ],
            "version": "==3.43.1"
        },
        "promise": {
            "hashes": [
                "sha256:2ebbfc10b7abf6354403ed785fe4f04b9dfd421eb1a474ac8d187022228332af",
                "sha256:348f5f6c3edd4fd47c9cd65aed03ac1b31136d375aa63871a57d3e444c85655c"
            ],
            "version": "==2.2.1"
        },
        "prompt-toolkit": {
            "hashes": [
                "sha256:11adf3389a996a6d45cc277580d0d53e8a5afd281d0c9ec71b28e6f121463780",
                "sha256:2519ad1d8038fd5fc8e770362237ad0364d16a7650fb5724af6997ed5515e3c1",
                "sha256:977c6583ae813a37dc1c2e1b715892461fcbdaa57f6fc62f33a528c4886c8f55"
            ],
            "version": "==2.0.9"
        },
        "psutil": {
            "hashes": [
                "sha256:028a1ec3c6197eadd11e7b46e8cc2f0720dc18ac6d7aabdb8e8c0d6c9704f000",
                "sha256:503e4b20fa9d3342bcf58191bbc20a4a5ef79ca7df8972e6197cc14c5513e73d",
                "sha256:863a85c1c0a5103a12c05a35e59d336e1d665747e531256e061213e2e90f63f3",
                "sha256:954f782608bfef9ae9f78e660e065bd8ffcfaea780f9f2c8a133bb7cb9e826d7",
                "sha256:b6e08f965a305cd84c2d07409bc16fbef4417d67b70c53b299116c5b895e3f45",
                "sha256:bc96d437dfbb8865fc8828cf363450001cb04056bbdcdd6fc152c436c8a74c61",
                "sha256:cf49178021075d47c61c03c0229ac0c60d5e2830f8cab19e2d88e579b18cdb76",
                "sha256:d5350cb66690915d60f8b233180f1e49938756fb2d501c93c44f8fb5b970cc63",
                "sha256:eba238cf1989dfff7d483c029acb0ac4fcbfc15de295d682901f0e2497e6781a"
            ],
            "index": "pypi",
            "version": "==5.6.3"
        },
        "psycopg2": {
            "hashes": [
                "sha256:128d0fa910ada0157bba1cb74a9c5f92bb8a1dca77cf91a31eb274d1f889e001",
                "sha256:227fd46cf9b7255f07687e5bde454d7d67ae39ca77e170097cdef8ebfc30c323",
                "sha256:2315e7f104681d498ccf6fd70b0dba5bce65d60ac92171492bfe228e21dcc242",
                "sha256:4b5417dcd2999db0f5a891d54717cfaee33acc64f4772c4bc574d4ff95ed9d80",
                "sha256:640113ddc943522aaf71294e3f2d24013b0edd659b7820621492c9ebd3a2fb0b",
                "sha256:897a6e838319b4bf648a574afb6cabcb17d0488f8c7195100d48d872419f4457",
                "sha256:8dceca81409898c870e011c71179454962dec152a1a6b86a347f4be74b16d864",
                "sha256:b1b8e41da09a0c3ef0b3d4bb72da0dde2abebe583c1e8462973233fd5ad0235f",
                "sha256:cb407fccc12fc29dc331f2b934913405fa49b9b75af4f3a72d0f50f57ad2ca23",
                "sha256:d3a27550a8185e53b244ad7e79e307594b92fede8617d80200a8cce1fba2c60f",
                "sha256:f0e6b697a975d9d3ccd04135316c947dd82d841067c7800ccf622a8717e98df1"
            ],
            "index": "pypi",
            "version": "==2.8.3"
        },
        "ptyprocess": {
            "hashes": [
                "sha256:923f299cc5ad920c68f2bc0bc98b75b9f838b93b599941a6b63ddbc2476394c0",
                "sha256:d7cc528d76e76342423ca640335bd3633420dc1366f258cb31d05e865ef5ca1f"
            ],
            "version": "==0.6.0"
        },
        "pycparser": {
            "hashes": [
                "sha256:a988718abfad80b6b157acce7bf130a30876d27603738ac39f140993246b25b3"
            ],
            "version": "==2.19"
        },
        "pygments": {
            "hashes": [
                "sha256:71e430bc85c88a430f000ac1d9b331d2407f681d6f6aec95e8bcfbc3df5b0127",
                "sha256:881c4c157e45f30af185c1ffe8d549d48ac9127433f2c380c24b84572ad66297"
            ],
            "version": "==2.4.2"
        },
        "python-decouple": {
            "hashes": [
                "sha256:1317df14b43efee4337a4aa02914bf004f010cd56d6c4bd894e6474ec8c4fe2d"
            ],
            "index": "pypi",
            "version": "==3.1"
        },
        "python-utils": {
            "hashes": [
                "sha256:34aaf26b39b0b86628008f2ae0ac001b30e7986a8d303b61e1357dfcdad4f6d3",
                "sha256:e25f840564554eaded56eaa395bca507b0b9e9f0ae5ecb13a8cb785305c56d25"
            ],
            "version": "==2.3.0"
        },
        "pytz": {
            "hashes": [
                "sha256:26c0b32e437e54a18161324a2fca3c4b9846b74a8dccddd843113109e1116b32",
                "sha256:c894d57500a4cd2d5c71114aaab77dbab5eabd9022308ce5ac9bb93a60a6f0c7"
            ],
            "version": "==2019.2"
        },
        "pyyaml": {
            "hashes": [
                "sha256:0113bc0ec2ad727182326b61326afa3d1d8280ae1122493553fd6f4397f33df9",
                "sha256:01adf0b6c6f61bd11af6e10ca52b7d4057dd0be0343eb9283c878cf3af56aee4",
                "sha256:5124373960b0b3f4aa7df1707e63e9f109b5263eca5976c66e08b1c552d4eaf8",
                "sha256:5ca4f10adbddae56d824b2c09668e91219bb178a1eee1faa56af6f99f11bf696",
                "sha256:7907be34ffa3c5a32b60b95f4d95ea25361c951383a894fec31be7252b2b6f34",
                "sha256:7ec9b2a4ed5cad025c2278a1e6a19c011c80a3caaac804fd2d329e9cc2c287c9",
                "sha256:87ae4c829bb25b9fe99cf71fbb2140c448f534e24c998cc60f39ae4f94396a73",
                "sha256:9de9919becc9cc2ff03637872a440195ac4241c80536632fffeb6a1e25a74299",
                "sha256:a5a85b10e450c66b49f98846937e8cfca1db3127a9d5d1e31ca45c3d0bef4c5b",
                "sha256:b0997827b4f6a7c286c01c5f60384d218dca4ed7d9efa945c3e1aa623d5709ae",
                "sha256:b631ef96d3222e62861443cc89d6563ba3eeb816eeb96b2629345ab795e53681",
                "sha256:bf47c0607522fdbca6c9e817a6e81b08491de50f3766a7a0e6a5be7905961b41",
                "sha256:f81025eddd0327c7d4cfe9b62cf33190e1e736cc6e97502b3ec425f574b3e7a8"
            ],
            "version": "==5.1.2"
        },
        "redis": {
            "hashes": [
                "sha256:98a22fb750c9b9bb46e75e945dc3f61d0ab30d06117cbb21ff9cd1d315fedd3b",
                "sha256:c504251769031b0dd7dd5cf786050a6050197c6de0d37778c80c08cb04ae8275"
            ],
            "version": "==3.3.8"
        },
        "rx": {
            "hashes": [
                "sha256:13a1d8d9e252625c173dc795471e614eadfe1cf40ffc684e08b8fff0d9748c23",
                "sha256:7357592bc7e881a95e0c2013b73326f704953301ab551fbc8133a6fadab84105"
            ],
            "version": "==1.6.1"
        },
        "singledispatch": {
            "hashes": [
                "sha256:5b06af87df13818d14f08a028e42f566640aef80805c3b50c5056b086e3c2b9c",
                "sha256:833b46966687b3de7f438c761ac475213e53b306740f1abfaa86e1d1aae56aa8"
            ],
            "version": "==3.4.0.3"
        },
        "six": {
            "hashes": [
                "sha256:3350809f0555b11f552448330d0b52d5f24c91a322ea4a15ef22629740f3761c",
                "sha256:d16a0141ec1a18405cd4ce8b4613101da75da0e9a7aec5bdd4fa804d0e0eba73"
            ],
            "version": "==1.12.0"
        },
        "sqlparse": {
            "hashes": [
                "sha256:40afe6b8d4b1117e7dff5504d7a8ce07d9a1b15aeeade8a2d10f130a834f8177",
                "sha256:7c3dca29c022744e95b547e867cee89f4fce4373f3549ccd8797d8eb52cdb873"
            ],
            "version": "==0.3.0"
        },
        "tablib": {
            "hashes": [
                "sha256:0f88a9cebdaa1a2cc29ae57387082ee81015d1149ecd34e48a8c8d3b4dd21670",
                "sha256:5f33c079b07eb10cf9c4b4696add2ecf32c89db7729240546ecdcd5c92f67e13"
            ],
            "version": "==0.13.0"
        },
        "traitlets": {
            "hashes": [
                "sha256:9c4bd2d267b7153df9152698efb1050a5d84982d3384a37b2c1f7723ba3e7835",
                "sha256:c6cb5e6f57c5a9bdaa40fa71ce7b4af30298fbab9ece9815b5d995ab6217c7d9"
            ],
            "version": "==4.3.2"
        },
        "unidecode": {
            "hashes": [
                "sha256:1d7a042116536098d05d599ef2b8616759f02985c85b4fef50c78a5aaf10822a",
                "sha256:2b6aab710c2a1647e928e36d69c21e76b453cd455f4e2621000e54b2a9b8cce8"
            ],
            "version": "==1.1.1"
        },
        "vine": {
            "hashes": [
                "sha256:133ee6d7a9016f177ddeaf191c1f58421a1dcc6ee9a42c58b34bed40e1d2cd87",
                "sha256:ea4947cc56d1fd6f2095c8d543ee25dad966f78692528e68b4fada11ba3f98af"
            ],
            "version": "==1.3.0"
        },
        "wcwidth": {
            "hashes": [
                "sha256:3df37372226d6e63e1b1e1eda15c594bca98a22d33a23832a90998faa96bc65e",
                "sha256:f4ebe71925af7b40a864553f761ed559b43544f8f71746c2d756c7fe788ade7c"
            ],
            "version": "==0.1.7"
        },
        "whitenoise": {
            "hashes": [
                "sha256:59d880d25d0e90bcc6554fe0504a11195bd2e59b3d690b6fb42a8040d4e67ef5",
                "sha256:c9b7c47fdc1dba4d37bf2787a01a844dc7a521e174fcd22a2d429e0be65e1782"
            ],
            "index": "pypi",
            "version": "==4.1.3"
        },
        "xlrd": {
            "hashes": [
                "sha256:546eb36cee8db40c3eaa46c351e67ffee6eeb5fa2650b71bc4c758a29a1b29b2",
                "sha256:e551fb498759fa3a5384a94ccd4c3c02eb7c00ea424426e212ac0c57be9dfbde"
            ],
            "version": "==1.2.0"
        },
        "xlwt": {
            "hashes": [
                "sha256:a082260524678ba48a297d922cc385f58278b8aa68741596a87de01a9c628b2e",
                "sha256:c59912717a9b28f1a3c2a98fd60741014b06b043936dcecbc113eaaada156c88"
            ],
            "version": "==1.3.0"
        },
        "zipp": {
            "hashes": [
                "sha256:4970c3758f4e89a7857a973b1e2a5d75bcdc47794442f2e2dd4fe8e0466e809a",
                "sha256:8a5712cfd3bb4248015eb3b0b3c54a5f6ee3f2425963ef2a0125b8bc40aafaec"
            ],
            "version": "==0.5.2"
        }
    },
    "develop": {
        "appdirs": {
            "hashes": [
                "sha256:9e5896d1372858f8dd3344faf4e5014d21849c756c8d5701f78f8a103b372d92",
                "sha256:d8b24664561d0d34ddfaec54636d502d7cea6e29c3eaf68f3df6180863e2166e"
            ],
            "version": "==1.4.3"
        },
        "aspy.yaml": {
            "hashes": [
                "sha256:463372c043f70160a9ec950c3f1e4c3a82db5fca01d334b6bc89c7164d744bdc",
                "sha256:e7c742382eff2caed61f87a39d13f99109088e5e93f04d76eb8d4b28aa143f45"
            ],
            "version": "==1.3.0"
        },
        "astroid": {
            "hashes": [
                "sha256:292fa429e69d60e4161e7612cb7cc8fa3609e2e309f80c224d93a76d5e7b58be",
                "sha256:c7013d119ec95eb626f7a2011f0b63d0c9a095df9ad06d8507b37084eada1a8d"
            ],
            "version": "==2.0.4"
        },
        "attrs": {
            "hashes": [
                "sha256:69c0dbf2ed392de1cb5ec704444b08a5ef81680a61cb899dc08127123af36a79",
                "sha256:f0b870f674851ecbfbbbd364d6b5cbdff9dcedbc7f3f5e18a6891057f21fe399"
            ],
            "version": "==19.1.0"
        },
        "bandit": {
            "hashes": [
                "sha256:336620e220cf2d3115877685e264477ff9d9abaeb0afe3dc7264f55fa17a3952",
                "sha256:41e75315853507aa145d62a78a2a6c5e3240fe14ee7c601459d0df9418196065"
            ],
            "index": "pypi",
            "version": "==1.6.2"
        },
        "black": {
            "hashes": [
                "sha256:09a9dcb7c46ed496a9850b76e4e825d6049ecd38b611f1224857a79bd985a8cf",
                "sha256:68950ffd4d9169716bcb8719a56c07a2f4485354fec061cdd5910aa07369731c"
            ],
            "index": "pypi",
            "version": "==19.3b0"
        },
        "certifi": {
            "hashes": [
                "sha256:046832c04d4e752f37383b628bc601a7ea7211496b4638f6514d0e5b9acc4939",
                "sha256:945e3ba63a0b9f577b1395204e13c3a231f9bc0223888be653286534e5873695"
            ],
            "version": "==2019.6.16"
        },
        "cfgv": {
            "hashes": [
                "sha256:edb387943b665bf9c434f717bf630fa78aecd53d5900d2e05da6ad6048553144",
                "sha256:fbd93c9ab0a523bf7daec408f3be2ed99a980e20b2d19b50fc184ca6b820d289"
            ],
            "version": "==2.0.1"
        },
        "chardet": {
            "hashes": [
                "sha256:84ab92ed1c4d4f16916e05906b6b75a6c0fb5db821cc65e70cbd64a3e2a5eaae",
                "sha256:fc323ffcaeaed0e0a02bf4d117757b98aed530d9ed4531e3e15460124c106691"
            ],
            "version": "==3.0.4"
        },
        "click": {
            "hashes": [
                "sha256:2335065e6395b9e67ca716de5f7526736bfa6ceead690adf616d925bdc622b13",
                "sha256:5b94b49521f6456670fdb30cd82a4eca9412788a93fa6dd6df72c94d5a8ff2d7"
            ],
            "version": "==7.0"
        },
        "coverage": {
            "hashes": [
                "sha256:108efa19b676e62590a7a13084098e35183479c0d9608131c20b0921c5a72dc0",
                "sha256:16fe3ef881eff27bab287f91dadb4ff0ce4388b9e928d84cbf148a83cc70b3a1",
                "sha256:1d0bbc11421827d1100da82ac8dc929532b97ad464038475a0f6505cbf83d6ea",
                "sha256:23a8ca5b3c9673f775cc151e85a737f1a967df2ec02b09e8c5a3b606ff2050bf",
                "sha256:24b890e51455276762b55cb06fa1c922066e8fc18d1deb1a6399b4d24dfa8ea2",
                "sha256:2f0041757ca4801f3c6a74d1660862fdb18a25aea302dd0ce9b067ddbb06b667",
                "sha256:3169aba03baddfccdab7cc04cf0878dbf76fc06d300bc35639129a6b794d6484",
                "sha256:364fb1bf0f999af2e7f4b1a1e614b2af8c3e0017d11af716aad25f911b7cd0c7",
                "sha256:5256856d23f3e45959e7e3a8f9d4cbad3d1613e5660cb8117cd1417798efc395",
                "sha256:5b26daa1e1a1147455bf62cd682e504e68f1d1e04235374d50a5248a3c792b1c",
                "sha256:60247c8f0c756732e2cfe21f03e6847b923b9a9eaff61f04dc64d3047ec1b669",
                "sha256:6463d51507308eb3973340d903537f17ece2ee1e6513aa0c27548fc3a09b0471",
                "sha256:64cbadf7a884b299794238bc4391752130e74f71e919993b50c1c431786ef2a2",
                "sha256:6de85748ea39ce819ad6d90e660da43964457a1f5cd25262e962a7c7c87945b3",
                "sha256:6f95b4794bd84f64aeca25087d8e3abc416aad76842afcac34fa6c3a6f61c62e",
                "sha256:778fa184aa3079fa3cbd240e2f5b36771c3382db26bc7bf78aea9d06212c6c66",
                "sha256:790a9c5e2dbdf6c41eec9776ed663e99bd36c1604e3bf2e8ae3b123181bfee9f",
                "sha256:7d97c1aec0b68b4ea5e3c9edb9fc3f951e8a52360f4bad3aacab9a77defe5b17",
                "sha256:93cefddcc0b541d3c52981a232947bf085a38092b0812317f1adb56f02869bcb",
                "sha256:95e49867ac616ec63ecd69ea005e65e4b896a48b8db7f9f3ad69f37be29324b7",
                "sha256:aca423563eafba66a7c15125391b267befd1e45238de5e1a119ae1fb4ea83b5c",
                "sha256:baef7c35e7fce738d9637e9c7a6aa79cb79085e4de49c2ec517ce19239a660f6",
                "sha256:c10ccf0797ffce85e93a40aff3a96a3adb63c734f95b59384a7c9522ed25c9e2",
                "sha256:ca39704a05bba1886c384a4d7944fda72c53fe5e61979cd933d22084678ad4c1",
                "sha256:f6e96d5eee578187f5b7e9266bf646b73de29e2dd7adca8bd83e383680ce1f4c",
                "sha256:fc6524511fa664cb4e91401229eedd0dad4ba6ded9c4423fee2f698d78908d9c",
                "sha256:fdf2e7e5f074495ad6ea796ca0d245aa6a8b9e4c546ffbf8d30aaaee6601af0f"
            ],
            "index": "pypi",
            "version": "==5.0a6"
        },
        "django": {
            "hashes": [
                "sha256:16a5d54411599780ac9dfe3b9b38f90f785c51259a584e0b24b6f14a7f69aae8",
                "sha256:9a2f98211ab474c710fcdad29c82f30fc14ce9917c7a70c3682162a624de4035"
            ],
            "index": "pypi",
            "version": "==2.2.4"
        },
        "django-debug-toolbar": {
            "hashes": [
                "sha256:17c53cd6bf4e7d69902aedf9a1d26c5d3b7369b54c5718744704f27b5a72f35d",
                "sha256:9a23ada2e43cd989195db3c18710b5d7451134a0d48127ab64c1d2ad81700342"
            ],
            "index": "pypi",
            "version": "==2.0"
        },
        "django-debug-toolbar-request-history": {
            "editable": true,
            "git": "https://github.com/djsutho/django-debug-toolbar-request-history.git",
            "ref": "3075e63c6108b3e78857c4db74c3ff4fce75deeb"
        },
        "django-naomi": {
            "hashes": [
                "sha256:145b7bd54443a7062cc2b48c5572c526641c01233f697a7e8be96e1c11a082da",
                "sha256:76da7bf3fd139129557348a440811678616a89e2fbcd3c0cebfc69094e6324db"
            ],
            "index": "pypi",
            "version": "==0.8"
        },
        "dodgy": {
            "hashes": [
                "sha256:65e13cf878d7aff129f1461c13cb5fd1bb6dfe66bb5327e09379c3877763280c"
            ],
            "version": "==0.1.9"
        },
        "dparse": {
            "hashes": [
                "sha256:00a5fdfa900629e5159bf3600d44905b333f4059a3366f28e0dbd13eeab17b19",
                "sha256:cef95156fa0adedaf042cd42f9990974bec76f25dfeca4dc01f381a243d5aa5b"
            ],
            "version": "==0.4.1"
        },
        "gitdb2": {
            "hashes": [
                "sha256:83361131a1836661a155172932a13c08bda2db3674e4caa32368aa6eb02f38c2",
                "sha256:e3a0141c5f2a3f635c7209d56c496ebe1ad35da82fe4d3ec4aaa36278d70648a"
            ],
            "version": "==2.0.5"
        },
        "gitpython": {
            "hashes": [
                "sha256:947cc75913e7b6da108458136607e2ee0e40c20be1e12d4284e7c6c12956c276",
                "sha256:d2f4945f8260f6981d724f5957bc076398ada55cb5d25aaee10108bcdc894100"
            ],
            "version": "==3.0.2"
        },
        "identify": {
            "hashes": [
                "sha256:9aba2d08a82aa8e6f58810d4887ed3cf103a1befeb1eaf632d9c6fd2d6642542",
                "sha256:b50ffad180b3a93b33a58b42597ef22493240d406ba07cc5058daf70f44b8d7c"
            ],
            "version": "==1.4.6"
        },
        "idna": {
            "hashes": [
                "sha256:c357b3f628cf53ae2c4c05627ecc484553142ca23264e593d327bcde5e9c3407",
                "sha256:ea8b7f6188e6fa117537c3df7da9fc686d485087abf6ac197f9c46432f7e4a3c"
            ],
            "version": "==2.8"
        },
        "importlib-metadata": {
            "hashes": [
                "sha256:23d3d873e008a513952355379d93cbcab874c58f4f034ff657c7a87422fa64e8",
                "sha256:80d2de76188eabfbfcf27e6a37342c2827801e59c4cc14b0371c56fed43820e3"
            ],
            "version": "==0.19"
        },
        "importlib-resources": {
            "hashes": [
                "sha256:6e2783b2538bd5a14678284a3962b0660c715e5a0f10243fd5e00a4b5974f50b",
                "sha256:d3279fd0f6f847cced9f7acc19bd3e5df54d34f93a2e7bb5f238f81545787078"
            ],
            "markers": "python_version < '3.7'",
            "version": "==1.0.2"
        },
        "isort": {
            "hashes": [
                "sha256:54da7e92468955c4fceacd0c86bd0ec997b0e1ee80d97f67c35a78b719dccab1",
                "sha256:6e811fcb295968434526407adb8796944f1988c5b65e8139058f2014cbe100fd"
            ],
            "index": "pypi",
            "version": "==4.3.21"
        },
        "lazy-object-proxy": {
            "hashes": [
                "sha256:02b260c8deb80db09325b99edf62ae344ce9bc64d68b7a634410b8e9a568edbf",
                "sha256:18f9c401083a4ba6e162355873f906315332ea7035803d0fd8166051e3d402e3",
                "sha256:1f2c6209a8917c525c1e2b55a716135ca4658a3042b5122d4e3413a4030c26ce",
                "sha256:2f06d97f0ca0f414f6b707c974aaf8829c2292c1c497642f63824119d770226f",
                "sha256:616c94f8176808f4018b39f9638080ed86f96b55370b5a9463b2ee5c926f6c5f",
                "sha256:63b91e30ef47ef68a30f0c3c278fbfe9822319c15f34b7538a829515b84ca2a0",
                "sha256:77b454f03860b844f758c5d5c6e5f18d27de899a3db367f4af06bec2e6013a8e",
                "sha256:83fe27ba321e4cfac466178606147d3c0aa18e8087507caec78ed5a966a64905",
                "sha256:84742532d39f72df959d237912344d8a1764c2d03fe58beba96a87bfa11a76d8",
                "sha256:874ebf3caaf55a020aeb08acead813baf5a305927a71ce88c9377970fe7ad3c2",
                "sha256:9f5caf2c7436d44f3cec97c2fa7791f8a675170badbfa86e1992ca1b84c37009",
                "sha256:a0c8758d01fcdfe7ae8e4b4017b13552efa7f1197dd7358dc9da0576f9d0328a",
                "sha256:a4def978d9d28cda2d960c279318d46b327632686d82b4917516c36d4c274512",
                "sha256:ad4f4be843dace866af5fc142509e9b9817ca0c59342fdb176ab6ad552c927f5",
                "sha256:ae33dd198f772f714420c5ab698ff05ff900150486c648d29951e9c70694338e",
                "sha256:b4a2b782b8a8c5522ad35c93e04d60e2ba7f7dcb9271ec8e8c3e08239be6c7b4",
                "sha256:c462eb33f6abca3b34cdedbe84d761f31a60b814e173b98ede3c81bb48967c4f",
                "sha256:fd135b8d35dfdcdb984828c84d695937e58cc5f49e1c854eb311c4d6aa03f4f1"
            ],
            "version": "==1.4.2"
        },
        "mccabe": {
            "hashes": [
                "sha256:ab8a6258860da4b6677da4bd2fe5dc2c659cff31b3ee4f7f5d64e79735b80d42",
                "sha256:dd8d182285a0fe56bace7f45b5e7d1a6ebcbf524e8f3bd87eb0f125271b8831f"
            ],
            "version": "==0.6.1"
        },
        "model-mommy": {
            "hashes": [
                "sha256:0e42c8f4a37c874dd81675ef8a385d3a25877082565e0d213022898c637f6f25",
                "sha256:8313c253617255060de474cdfcc0f7517e42deafc5619fec832a6c04b292b5d7"
            ],
            "index": "pypi",
            "version": "==1.6.0"
        },
        "nodeenv": {
            "hashes": [
                "sha256:ad8259494cf1c9034539f6cced78a1da4840a4b157e23640bc4a0c0546b0cb7a"
            ],
            "version": "==1.3.3"
        },
        "packaging": {
            "hashes": [
                "sha256:a7ac867b97fdc07ee80a8058fe4435ccd274ecc3b0ed61d852d7d53055528cf9",
                "sha256:c491ca87294da7cc01902edbe30a5bc6c4c28172b5138ab4e4aa1b9d7bfaeafe"
            ],
            "version": "==19.1"
        },
        "pbr": {
            "hashes": [
                "sha256:56e52299170b9492513c64be44736d27a512fa7e606f21942160b68ce510b4bc",
                "sha256:9b321c204a88d8ab5082699469f52cc94c5da45c51f114113d01b3d993c24cdf"
            ],
            "version": "==5.4.2"
        },
        "pep8-naming": {
            "hashes": [
                "sha256:1b419fa45b68b61cd8c5daf4e0c96d28915ad14d3d5f35fcc1e7e95324a33a2e",
                "sha256:4eedfd4c4b05e48796f74f5d8628c068ff788b9c2b08471ad408007fc6450e5a"
            ],
            "version": "==0.4.1"
        },
        "pre-commit": {
            "hashes": [
                "sha256:21ce389ea3a480170804208baff8ceaac815ecf6b9bd6c6797de5584ad69cff8",
                "sha256:3b0e901f442b966444833f1924e9bf9a7c10c79741b21520f68bc87639220f5e"
            ],
            "index": "pypi",
            "version": "==1.18.2"
        },
        "prospector": {
            "extras": [
                "with-vulture"
            ],
            "hashes": [
                "sha256:877d8d361a5c0e04c8587718c22c5d671afcf814945c96b3e592836d772943fd"
            ],
            "index": "pypi",
            "version": "==1.1.6.2"
        },
        "pycodestyle": {
            "hashes": [
                "sha256:cbc619d09254895b0d12c2c691e237b2e91e9b2ecf5e84c26b35400f93dcfb83",
                "sha256:cbfca99bd594a10f674d0cd97a3d802a1fdef635d4361e1a2658de47ed261e3a"
            ],
            "version": "==2.4.0"
        },
        "pydocstyle": {
            "hashes": [
                "sha256:04c84e034ebb56eb6396c820442b8c4499ac5eb94a3bda88951ac3dc519b6058",
                "sha256:66aff87ffe34b1e49bff2dd03a88ce6843be2f3346b0c9814410d34987fbab59"
            ],
            "version": "==4.0.1"
        },
        "pyflakes": {
            "hashes": [
                "sha256:08bd6a50edf8cffa9fa09a463063c425ecaaf10d1eb0335a7e8b1401aef89e6f",
                "sha256:8d616a382f243dbf19b54743f280b80198be0bca3a5396f1d2e1fca6223e8805"
            ],
            "version": "==1.6.0"
        },
        "pylint": {
            "hashes": [
                "sha256:1d6d3622c94b4887115fe5204982eee66fdd8a951cf98635ee5caee6ec98c3ec",
                "sha256:31142f764d2a7cd41df5196f9933b12b7ee55e73ef12204b648ad7e556c119fb"
            ],
            "version": "==2.1.1"
        },
        "pylint-celery": {
            "hashes": [
                "sha256:41e32094e7408d15c044178ea828dd524beedbdbe6f83f712c5e35bde1de4beb"
            ],
            "version": "==0.3"
        },
        "pylint-django": {
            "hashes": [
                "sha256:5dc5f85caef2c5f9e61622b9cbd89d94edd3dcf546939b2974d18de4fa90d676",
                "sha256:bf313f10b68ed915a34f0f475cc9ff8c7f574a95302beb48b79c5993f7efd84c"
            ],
            "version": "==2.0.2"
        },
        "pylint-flask": {
            "hashes": [
                "sha256:8fcdbb7cbf13d8c2ac1f2230b2aa1c1b83bb3ca2bd8b76f95561cb8757a305ec"
            ],
            "version": "==0.5"
        },
        "pylint-plugin-utils": {
            "hashes": [
                "sha256:8d9e31d5ea8b7b0003e1f0f136b44a5235896a32e47c5bc2ef1143e9f6ba0b74"
            ],
            "version": "==0.5"
        },
        "pyparsing": {
            "hashes": [
                "sha256:6f98a7b9397e206d78cc01df10131398f1c8b8510a2f4d97d9abd82e1aacdd80",
                "sha256:d9338df12903bbf5d65a0e4e87c2161968b10d2e489652bb47001d82a9b028b4"
            ],
            "version": "==2.4.2"
        },
        "pytz": {
            "hashes": [
                "sha256:26c0b32e437e54a18161324a2fca3c4b9846b74a8dccddd843113109e1116b32",
                "sha256:c894d57500a4cd2d5c71114aaab77dbab5eabd9022308ce5ac9bb93a60a6f0c7"
            ],
            "version": "==2019.2"
        },
        "pyyaml": {
            "hashes": [
                "sha256:0113bc0ec2ad727182326b61326afa3d1d8280ae1122493553fd6f4397f33df9",
                "sha256:01adf0b6c6f61bd11af6e10ca52b7d4057dd0be0343eb9283c878cf3af56aee4",
                "sha256:5124373960b0b3f4aa7df1707e63e9f109b5263eca5976c66e08b1c552d4eaf8",
                "sha256:5ca4f10adbddae56d824b2c09668e91219bb178a1eee1faa56af6f99f11bf696",
                "sha256:7907be34ffa3c5a32b60b95f4d95ea25361c951383a894fec31be7252b2b6f34",
                "sha256:7ec9b2a4ed5cad025c2278a1e6a19c011c80a3caaac804fd2d329e9cc2c287c9",
                "sha256:87ae4c829bb25b9fe99cf71fbb2140c448f534e24c998cc60f39ae4f94396a73",
                "sha256:9de9919becc9cc2ff03637872a440195ac4241c80536632fffeb6a1e25a74299",
                "sha256:a5a85b10e450c66b49f98846937e8cfca1db3127a9d5d1e31ca45c3d0bef4c5b",
                "sha256:b0997827b4f6a7c286c01c5f60384d218dca4ed7d9efa945c3e1aa623d5709ae",
                "sha256:b631ef96d3222e62861443cc89d6563ba3eeb816eeb96b2629345ab795e53681",
                "sha256:bf47c0607522fdbca6c9e817a6e81b08491de50f3766a7a0e6a5be7905961b41",
                "sha256:f81025eddd0327c7d4cfe9b62cf33190e1e736cc6e97502b3ec425f574b3e7a8"
            ],
            "version": "==5.1.2"
        },
        "requests": {
            "hashes": [
                "sha256:11e007a8a2aa0323f5a921e9e6a2d7e4e67d9877e85773fba9ba6419025cbeb4",
                "sha256:9cf5292fcd0f598c671cfc1e0d7d1a7f13bb8085e9a590f48c010551dc6c4b31"
            ],
            "version": "==2.22.0"
        },
        "requirements-detector": {
            "hashes": [
                "sha256:9fbc4b24e8b7c3663aff32e3eba34596848c6b91bd425079b386973bd8d08931"
            ],
            "version": "==0.6"
        },
        "safety": {
            "hashes": [
                "sha256:0a3a8a178a9c96242b224f033ee8d1d130c0448b0e6622d12deaf37f6c3b4e59",
                "sha256:5059f3ffab3648330548ea9c7403405bbfaf085b11235770825d14c58f24cb78"
            ],
            "index": "pypi",
            "version": "==1.8.5"
        },
        "setoptconf": {
            "hashes": [
                "sha256:5b0b5d8e0077713f5d5152d4f63be6f048d9a1bb66be15d089a11c898c3cf49c"
            ],
            "version": "==0.2.0"
        },
        "six": {
            "hashes": [
                "sha256:3350809f0555b11f552448330d0b52d5f24c91a322ea4a15ef22629740f3761c",
                "sha256:d16a0141ec1a18405cd4ce8b4613101da75da0e9a7aec5bdd4fa804d0e0eba73"
            ],
            "version": "==1.12.0"
        },
        "smmap2": {
            "hashes": [
                "sha256:0555a7bf4df71d1ef4218e4807bbf9b201f910174e6e08af2e138d4e517b4dde",
                "sha256:29a9ffa0497e7f2be94ca0ed1ca1aa3cd4cf25a1f6b4f5f87f74b46ed91d609a"
            ],
            "version": "==2.0.5"
        },
        "snowballstemmer": {
            "hashes": [
                "sha256:9f3b9ffe0809d174f7047e121431acf99c89a7040f0ca84f94ba53a498e6d0c9"
            ],
            "version": "==1.9.0"
        },
        "sqlparse": {
            "hashes": [
                "sha256:40afe6b8d4b1117e7dff5504d7a8ce07d9a1b15aeeade8a2d10f130a834f8177",
                "sha256:7c3dca29c022744e95b547e867cee89f4fce4373f3549ccd8797d8eb52cdb873"
            ],
            "version": "==0.3.0"
        },
        "stevedore": {
            "hashes": [
                "sha256:7be098ff53d87f23d798a7ce7ae5c31f094f3deb92ba18059b1aeb1ca9fec0a0",
                "sha256:7d1ce610a87d26f53c087da61f06f9b7f7e552efad2a7f6d2322632b5f932ea2"
            ],
            "version": "==1.30.1"
        },
        "toml": {
            "hashes": [
                "sha256:229f81c57791a41d65e399fc06bf0848bab550a9dfd5ed66df18ce5f05e73d5c",
                "sha256:235682dd292d5899d361a811df37e04a8828a5b1da3115886b73cf81ebc9100e"
            ],
            "version": "==0.10.0"
        },
        "typed-ast": {
            "hashes": [
                "sha256:18511a0b3e7922276346bcb47e2ef9f38fb90fd31cb9223eed42c85d1312344e",
                "sha256:262c247a82d005e43b5b7f69aff746370538e176131c32dda9cb0f324d27141e",
                "sha256:2b907eb046d049bcd9892e3076c7a6456c93a25bebfe554e931620c90e6a25b0",
                "sha256:354c16e5babd09f5cb0ee000d54cfa38401d8b8891eefa878ac772f827181a3c",
                "sha256:4e0b70c6fc4d010f8107726af5fd37921b666f5b31d9331f0bd24ad9a088e631",
                "sha256:630968c5cdee51a11c05a30453f8cd65e0cc1d2ad0d9192819df9978984529f4",
                "sha256:66480f95b8167c9c5c5c87f32cf437d585937970f3fc24386f313a4c97b44e34",
                "sha256:71211d26ffd12d63a83e079ff258ac9d56a1376a25bc80b1cdcdf601b855b90b",
                "sha256:95bd11af7eafc16e829af2d3df510cecfd4387f6453355188342c3e79a2ec87a",
                "sha256:bc6c7d3fa1325a0c6613512a093bc2a2a15aeec350451cbdf9e1d4bffe3e3233",
                "sha256:cc34a6f5b426748a507dd5d1de4c1978f2eb5626d51326e43280941206c209e1",
                "sha256:d755f03c1e4a51e9b24d899561fec4ccaf51f210d52abdf8c07ee2849b212a36",
                "sha256:d7c45933b1bdfaf9f36c579671fec15d25b06c8398f113dab64c18ed1adda01d",
                "sha256:d896919306dd0aa22d0132f62a1b78d11aaf4c9fc5b3410d3c666b818191630a",
                "sha256:ffde2fbfad571af120fcbfbbc61c72469e72f550d676c3342492a9dfdefb8f12"
            ],
            "markers": "python_version < '3.7' and implementation_name == 'cpython'",
            "version": "==1.4.0"
        },
        "urllib3": {
            "hashes": [
                "sha256:b246607a25ac80bedac05c6f282e3cdaf3afb65420fd024ac94435cabe6e18d1",
                "sha256:dbe59173209418ae49d485b87d1681aefa36252ee85884c31346debd19463232"
            ],
            "version": "==1.25.3"
        },
        "virtualenv": {
            "hashes": [
                "sha256:94a6898293d07f84a98add34c4df900f8ec64a570292279f6d91c781d37fd305",
                "sha256:f6fc312c031f2d2344f885de114f1cb029dfcffd26aa6e57d2ee2296935c4e7d"
            ],
            "version": "==16.7.4"
        },
        "wrapt": {
            "hashes": [
                "sha256:565a021fd19419476b9362b05eeaa094178de64f8361e44468f9e9d7843901e1"
            ],
            "version": "==1.11.2"
        },
        "zipp": {
            "hashes": [
                "sha256:4970c3758f4e89a7857a973b1e2a5d75bcdc47794442f2e2dd4fe8e0466e809a",
                "sha256:8a5712cfd3bb4248015eb3b0b3c54a5f6ee3f2425963ef2a0125b8bc40aafaec"
            ],
            "version": "==0.5.2"
        }
    }
}
